// !$*UTF8*$!
{
	archiveVersion = 1;
	classes = {
	};
	objectVersion = 46;
	objects = {

/* Begin PBXBuildFile section */
		CDE450C21A2A373B00AA748D /* AppDelegate.swift in Sources */ = {isa = PBXBuildFile; fileRef = CDE450C11A2A373B00AA748D /* AppDelegate.swift */; };
		CDE450C41A2A373B00AA748D /* ViewController.swift in Sources */ = {isa = PBXBuildFile; fileRef = CDE450C31A2A373B00AA748D /* ViewController.swift */; };
		CDE450C71A2A373B00AA748D /* Main.storyboard in Resources */ = {isa = PBXBuildFile; fileRef = CDE450C51A2A373B00AA748D /* Main.storyboard */; };
		CDE450C91A2A373B00AA748D /* Images.xcassets in Resources */ = {isa = PBXBuildFile; fileRef = CDE450C81A2A373B00AA748D /* Images.xcassets */; };
		CDE450CC1A2A373B00AA748D /* LaunchScreen.xib in Resources */ = {isa = PBXBuildFile; fileRef = CDE450CA1A2A373B00AA748D /* LaunchScreen.xib */; };
		CDE450D81A2A373C00AA748D /* PostcardTests.swift in Sources */ = {isa = PBXBuildFile; fileRef = CDE450D71A2A373C00AA748D /* PostcardTests.swift */; };
		CDE450E21A2A40A600AA748D /* SagradaFamilia.jpeg in Resources */ = {isa = PBXBuildFile; fileRef = CDE450E11A2A40A600AA748D /* SagradaFamilia.jpeg */; };
		CDE450E41A2A43F000AA748D /* AlbertEinsteinStamp.jpg in Resources */ = {isa = PBXBuildFile; fileRef = CDE450E31A2A43F000AA748D /* AlbertEinsteinStamp.jpg */; };
/* End PBXBuildFile section */

/* Begin PBXContainerItemProxy section */
		CDE450D21A2A373C00AA748D /* PBXContainerItemProxy */ = {
			isa = PBXContainerItemProxy;
			containerPortal = CDE450B41A2A373B00AA748D /* Project object */;
			proxyType = 1;
			remoteGlobalIDString = CDE450BB1A2A373B00AA748D;
			remoteInfo = Postcard;
		};
/* End PBXContainerItemProxy section */

/* Begin PBXFileReference section */
		CDE450BC1A2A373B00AA748D /* Postcard.app */ = {isa = PBXFileReference; explicitFileType = wrapper.application; includeInIndex = 0; path = Postcard.app; sourceTree = BUILT_PRODUCTS_DIR; };
		CDE450C01A2A373B00AA748D /* Info.plist */ = {isa = PBXFileReference; lastKnownFileType = text.plist.xml; path = Info.plist; sourceTree = "<group>"; };
		CDE450C11A2A373B00AA748D /* AppDelegate.swift */ = {isa = PBXFileReference; lastKnownFileType = sourcecode.swift; path = AppDelegate.swift; sourceTree = "<group>"; };
		CDE450C31A2A373B00AA748D /* ViewController.swift */ = {isa = PBXFileReference; lastKnownFileType = sourcecode.swift; path = ViewController.swift; sourceTree = "<group>"; };
		CDE450C61A2A373B00AA748D /* Base */ = {isa = PBXFileReference; lastKnownFileType = file.storyboard; name = Base; path = Base.lproj/Main.storyboard; sourceTree = "<group>"; };
		CDE450C81A2A373B00AA748D /* Images.xcassets */ = {isa = PBXFileReference; lastKnownFileType = folder.assetcatalog; path = Images.xcassets; sourceTree = "<group>"; };
		CDE450CB1A2A373B00AA748D /* Base */ = {isa = PBXFileReference; lastKnownFileType = file.xib; name = Base; path = Base.lproj/LaunchScreen.xib; sourceTree = "<group>"; };
		CDE450D11A2A373C00AA748D /* PostcardTests.xctest */ = {isa = PBXFileReference; explicitFileType = wrapper.cfbundle; includeInIndex = 0; path = PostcardTests.xctest; sourceTree = BUILT_PRODUCTS_DIR; };
		CDE450D61A2A373C00AA748D /* Info.plist */ = {isa = PBXFileReference; lastKnownFileType = text.plist.xml; path = Info.plist; sourceTree = "<group>"; };
		CDE450D71A2A373C00AA748D /* PostcardTests.swift */ = {isa = PBXFileReference; lastKnownFileType = sourcecode.swift; path = PostcardTests.swift; sourceTree = "<group>"; };
		CDE450E11A2A40A600AA748D /* SagradaFamilia.jpeg */ = {isa = PBXFileReference; lastKnownFileType = image.jpeg; path = SagradaFamilia.jpeg; sourceTree = "<group>"; };
		CDE450E31A2A43F000AA748D /* AlbertEinsteinStamp.jpg */ = {isa = PBXFileReference; lastKnownFileType = image.jpeg; path = AlbertEinsteinStamp.jpg; sourceTree = "<group>"; };
/* End PBXFileReference section */

/* Begin PBXFrameworksBuildPhase section */
		CDE450B91A2A373B00AA748D /* Frameworks */ = {
			isa = PBXFrameworksBuildPhase;
			buildActionMask = 2147483647;
			files = (
			);
			runOnlyForDeploymentPostprocessing = 0;
		};
		CDE450CE1A2A373C00AA748D /* Frameworks */ = {
			isa = PBXFrameworksBuildPhase;
			buildActionMask = 2147483647;
			files = (
			);
			runOnlyForDeploymentPostprocessing = 0;
		};
/* End PBXFrameworksBuildPhase section */

/* Begin PBXGroup section */
		CDE450B31A2A373B00AA748D = {
			isa = PBXGroup;
			children = (
				CDE450BE1A2A373B00AA748D /* Postcard */,
				CDE450D41A2A373C00AA748D /* PostcardTests */,
				CDE450BD1A2A373B00AA748D /* Products */,
			);
			sourceTree = "<group>";
		};
		CDE450BD1A2A373B00AA748D /* Products */ = {
			isa = PBXGroup;
			children = (
				CDE450BC1A2A373B00AA748D /* Postcard.app */,
				CDE450D11A2A373C00AA748D /* PostcardTests.xctest */,
			);
			name = Products;
			sourceTree = "<group>";
		};
		CDE450BE1A2A373B00AA748D /* Postcard */ = {
			isa = PBXGroup;
			children = (
				CDE450C11A2A373B00AA748D /* AppDelegate.swift */,
				CDE450C31A2A373B00AA748D /* ViewController.swift */,
				CDE450C51A2A373B00AA748D /* Main.storyboard */,
				CDE450C81A2A373B00AA748D /* Images.xcassets */,
				CDE450CA1A2A373B00AA748D /* LaunchScreen.xib */,
				CDE450BF1A2A373B00AA748D /* Supporting Files */,
			);
			path = Postcard;
			sourceTree = "<group>";
		};
		CDE450BF1A2A373B00AA748D /* Supporting Files */ = {
			isa = PBXGroup;
			children = (
				CDE450E31A2A43F000AA748D /* AlbertEinsteinStamp.jpg */,
				CDE450E11A2A40A600AA748D /* SagradaFamilia.jpeg */,
				CDE450C01A2A373B00AA748D /* Info.plist */,
			);
			name = "Supporting Files";
			sourceTree = "<group>";
		};
		CDE450D41A2A373C00AA748D /* PostcardTests */ = {
			isa = PBXGroup;
			children = (
				CDE450D71A2A373C00AA748D /* PostcardTests.swift */,
				CDE450D51A2A373C00AA748D /* Supporting Files */,
			);
			path = PostcardTests;
			sourceTree = "<group>";
		};
		CDE450D51A2A373C00AA748D /* Supporting Files */ = {
			isa = PBXGroup;
			children = (
				CDE450D61A2A373C00AA748D /* Info.plist */,
			);
			name = "Supporting Files";
			sourceTree = "<group>";
		};
/* End PBXGroup section */

/* Begin PBXNativeTarget section */
		CDE450BB1A2A373B00AA748D /* Postcard */ = {
			isa = PBXNativeTarget;
			buildConfigurationList = CDE450DB1A2A373C00AA748D /* Build configuration list for PBXNativeTarget "Postcard" */;
			buildPhases = (
				CDE450B81A2A373B00AA748D /* Sources */,
				CDE450B91A2A373B00AA748D /* Frameworks */,
				CDE450BA1A2A373B00AA748D /* Resources */,
			);
			buildRules = (
			);
			dependencies = (
			);
			name = Postcard;
			productName = Postcard;
			productReference = CDE450BC1A2A373B00AA748D /* Postcard.app */;
			productType = "com.apple.product-type.application";
		};
		CDE450D01A2A373C00AA748D /* PostcardTests */ = {
			isa = PBXNativeTarget;
			buildConfigurationList = CDE450DE1A2A373C00AA748D /* Build configuration list for PBXNativeTarget "PostcardTests" */;
			buildPhases = (
				CDE450CD1A2A373C00AA748D /* Sources */,
				CDE450CE1A2A373C00AA748D /* Frameworks */,
				CDE450CF1A2A373C00AA748D /* Resources */,
			);
			buildRules = (
			);
			dependencies = (
				CDE450D31A2A373C00AA748D /* PBXTargetDependency */,
			);
			name = PostcardTests;
			productName = PostcardTests;
			productReference = CDE450D11A2A373C00AA748D /* PostcardTests.xctest */;
			productType = "com.apple.product-type.bundle.unit-test";
		};
/* End PBXNativeTarget section */

/* Begin PBXProject section */
		CDE450B41A2A373B00AA748D /* Project object */ = {
			isa = PBXProject;
			attributes = {
				LastUpgradeCheck = 0600;
				ORGANIZATIONNAME = Ilija;
				TargetAttributes = {
					CDE450BB1A2A373B00AA748D = {
						CreatedOnToolsVersion = 6.0.1;
					};
					CDE450D01A2A373C00AA748D = {
						CreatedOnToolsVersion = 6.0.1;
						TestTargetID = CDE450BB1A2A373B00AA748D;
					};
				};
			};
			buildConfigurationList = CDE450B71A2A373B00AA748D /* Build configuration list for PBXProject "Postcard" */;
			compatibilityVersion = "Xcode 3.2";
			developmentRegion = English;
			hasScannedForEncodings = 0;
			knownRegions = (
				en,
				Base,
			);
			mainGroup = CDE450B31A2A373B00AA748D;
			productRefGroup = CDE450BD1A2A373B00AA748D /* Products */;
			projectDirPath = "";
			projectRoot = "";
			targets = (
				CDE450BB1A2A373B00AA748D /* Postcard */,
				CDE450D01A2A373C00AA748D /* PostcardTests */,
			);
		};
/* End PBXProject section */

/* Begin PBXResourcesBuildPhase section */
		CDE450BA1A2A373B00AA748D /* Resources */ = {
			isa = PBXResourcesBuildPhase;
			buildActionMask = 2147483647;
			files = (
				CDE450C71A2A373B00AA748D /* Main.storyboard in Resources */,
				CDE450E21A2A40A600AA748D /* SagradaFamilia.jpeg in Resources */,
				CDE450E41A2A43F000AA748D /* AlbertEinsteinStamp.jpg in Resources */,
				CDE450CC1A2A373B00AA748D /* LaunchScreen.xib in Resources */,
				CDE450C91A2A373B00AA748D /* Images.xcassets in Resources */,
			);
			runOnlyForDeploymentPostprocessing = 0;
		};
		CDE450CF1A2A373C00AA748D /* Resources */ = {
			isa = PBXResourcesBuildPhase;
			buildActionMask = 2147483647;
			files = (
			);
			runOnlyForDeploymentPostprocessing = 0;
		};
/* End PBXResourcesBuildPhase section */

/* Begin PBXSourcesBuildPhase section */
		CDE450B81A2A373B00AA748D /* Sources */ = {
			isa = PBXSourcesBuildPhase;
			buildActionMask = 2147483647;
			files = (
				CDE450C41A2A373B00AA748D /* ViewController.swift in Sources */,
				CDE450C21A2A373B00AA748D /* AppDelegate.swift in Sources */,
			);
			runOnlyForDeploymentPostprocessing = 0;
		};
		CDE450CD1A2A373C00AA748D /* Sources */ = {
			isa = PBXSourcesBuildPhase;
			buildActionMask = 2147483647;
			files = (
				CDE450D81A2A373C00AA748D /* PostcardTests.swift in Sources */,
			);
			runOnlyForDeploymentPostprocessing = 0;
		};
/* End PBXSourcesBuildPhase section */

/* Begin PBXTargetDependency section */
		CDE450D31A2A373C00AA748D /* PBXTargetDependency */ = {
			isa = PBXTargetDependency;
			target = CDE450BB1A2A373B00AA748D /* Postcard */;
			targetProxy = CDE450D21A2A373C00AA748D /* PBXContainerItemProxy */;
		};
/* End PBXTargetDependency section */

/* Begin PBXVariantGroup section */
		CDE450C51A2A373B00AA748D /* Main.storyboard */ = {
			isa = PBXVariantGroup;
			children = (
				CDE450C61A2A373B00AA748D /* Base */,
			);
			name = Main.storyboard;
			sourceTree = "<group>";
		};
		CDE450CA1A2A373B00AA748D /* LaunchScreen.xib */ = {
			isa = PBXVariantGroup;
			children = (
				CDE450CB1A2A373B00AA748D /* Base */,
			);
			name = LaunchScreen.xib;
			sourceTree = "<group>";
		};
/* End PBXVariantGroup section */

/* Begin XCBuildConfiguration section */
		CDE450D91A2A373C00AA748D /* Debug */ = {
			isa = XCBuildConfiguration;
			buildSettings = {
				ALWAYS_SEARCH_USER_PATHS = NO;
				CLANG_CXX_LANGUAGE_STANDARD = "gnu++0x";
				CLANG_CXX_LIBRARY = "libc++";
				CLANG_ENABLE_MODULES = YES;
				CLANG_ENABLE_OBJC_ARC = YES;
				CLANG_WARN_BOOL_CONVERSION = YES;
				CLANG_WARN_CONSTANT_CONVERSION = YES;
				CLANG_WARN_DIRECT_OBJC_ISA_USAGE = YES_ERROR;
				CLANG_WARN_EMPTY_BODY = YES;
				CLANG_WARN_ENUM_CONVERSION = YES;
				CLANG_WARN_INT_CONVERSION = YES;
				CLANG_WARN_OBJC_ROOT_CLASS = YES_ERROR;
				CLANG_WARN_UNREACHABLE_CODE = YES;
				CLANG_WARN__DUPLICATE_METHOD_MATCH = YES;
				"CODE_SIGN_IDENTITY[sdk=iphoneos*]" = "iPhone Developer";
				COPY_PHASE_STRIP = NO;
				ENABLE_STRICT_OBJC_MSGSEND = YES;
				GCC_C_LANGUAGE_STANDARD = gnu99;
				GCC_DYNAMIC_NO_PIC = NO;
				GCC_OPTIMIZATION_LEVEL = 0;
				GCC_PREPROCESSOR_DEFINITIONS = (
					"DEBUG=1",
					"$(inherited)",
				);
				GCC_SYMBOLS_PRIVATE_EXTERN = NO;
				GCC_WARN_64_TO_32_BIT_CONVERSION = YES;
				GCC_WARN_ABOUT_RETURN_TYPE = YES_ERROR;
				GCC_WARN_UNDECLARED_SELECTOR = YES;
				GCC_WARN_UNINITIALIZED_AUTOS = YES_AGGRESSIVE;
				GCC_WARN_UNUSED_FUNCTION = YES;
				GCC_WARN_UNUSED_VARIABLE = YES;
				IPHONEOS_DEPLOYMENT_TARGET = 8.0;
				MTL_ENABLE_DEBUG_INFO = YES;
				ONLY_ACTIVE_ARCH = YES;
				SDKROOT = iphoneos;
				SWIFT_OPTIMIZATION_LEVEL = "-Onone";
			};
			name = Debug;
		};
		CDE450DA1A2A373C00AA748D /* Release */ = {
			isa = XCBuildConfiguration;
			buildSettings = {
				ALWAYS_SEARCH_USER_PATHS = NO;
				CLANG_CXX_LANGUAGE_STANDARD = "gnu++0x";
				CLANG_CXX_LIBRARY = "libc++";
				CLANG_ENABLE_MODULES = YES;
				CLANG_ENABLE_OBJC_ARC = YES;
				CLANG_WARN_BOOL_CONVERSION = YES;
				CLANG_WARN_CONSTANT_CONVERSION = YES;
				CLANG_WARN_DIRECT_OBJC_ISA_USAGE = YES_ERROR;
				CLANG_WARN_EMPTY_BODY = YES;
				CLANG_WARN_ENUM_CONVERSION = YES;
				CLANG_WARN_INT_CONVERSION = YES;
				CLANG_WARN_OBJC_ROOT_CLASS = YES_ERROR;
				CLANG_WARN_UNREACHABLE_CODE = YES;
				CLANG_WARN__DUPLICATE_METHOD_MATCH = YES;
				"CODE_SIGN_IDENTITY[sdk=iphoneos*]" = "iPhone Developer";
				COPY_PHASE_STRIP = YES;
				ENABLE_NS_ASSERTIONS = NO;
				ENABLE_STRICT_OBJC_MSGSEND = YES;
				GCC_C_LANGUAGE_STANDARD = gnu99;
				GCC_WARN_64_TO_32_BIT_CONVERSION = YES;
				GCC_WARN_ABOUT_RETURN_TYPE = YES_ERROR;
				GCC_WARN_UNDECLARED_SELECTOR = YES;
				GCC_WARN_UNINITIALIZED_AUTOS = YES_AGGRESSIVE;
				GCC_WARN_UNUSED_FUNCTION = YES;
				GCC_WARN_UNUSED_VARIABLE = YES;
				IPHONEOS_DEPLOYMENT_TARGET = 8.0;
				MTL_ENABLE_DEBUG_INFO = NO;
				SDKROOT = iphoneos;
				VALIDATE_PRODUCT = YES;
			};
			name = Release;
		};
		CDE450DC1A2A373C00AA748D /* Debug */ = {
			isa = XCBuildConfiguration;
			buildSettings = {
				ASSETCATALOG_COMPILER_APPICON_NAME = AppIcon;
				INFOPLIST_FILE = Postcard/Info.plist;
				LD_RUNPATH_SEARCH_PATHS = "$(inherited) @executable_path/Frameworks";
				PRODUCT_NAME = "$(TARGET_NAME)";
			};
			name = Debug;
		};
		CDE450DD1A2A373C00AA748D /* Release */ = {
			isa = XCBuildConfiguration;
			buildSettings = {
				ASSETCATALOG_COMPILER_APPICON_NAME = AppIcon;
				INFOPLIST_FILE = Postcard/Info.plist;
				LD_RUNPATH_SEARCH_PATHS = "$(inherited) @executable_path/Frameworks";
				PRODUCT_NAME = "$(TARGET_NAME)";
			};
			name = Release;
		};
		CDE450DF1A2A373C00AA748D /* Debug */ = {
			isa = XCBuildConfiguration;
			buildSettings = {
				BUNDLE_LOADER = "$(TEST_HOST)";
				FRAMEWORK_SEARCH_PATHS = (
					"$(SDKROOT)/Developer/Library/Frameworks",
					"$(inherited)",
				);
				GCC_PREPROCESSOR_DEFINITIONS = (
					"DEBUG=1",
					"$(inherited)",
				);
				INFOPLIST_FILE = PostcardTests/Info.plist;
				LD_RUNPATH_SEARCH_PATHS = "$(inherited) @executable_path/Frameworks @loader_path/Frameworks";
				PRODUCT_NAME = "$(TARGET_NAME)";
				TEST_HOST = "$(BUILT_PRODUCTS_DIR)/Postcard.app/Postcard";
			};
			name = Debug;
		};
		CDE450E01A2A373C00AA748D /* Release */ = {
			isa = XCBuildConfiguration;
			buildSettings = {
				BUNDLE_LOADER = "$(TEST_HOST)";
				FRAMEWORK_SEARCH_PATHS = (
					"$(SDKROOT)/Developer/Library/Frameworks",
					"$(inherited)",
				);
				INFOPLIST_FILE = PostcardTests/Info.plist;
				LD_RUNPATH_SEARCH_PATHS = "$(inherited) @executable_path/Frameworks @loader_path/Frameworks";
				PRODUCT_NAME = "$(TARGET_NAME)";
				TEST_HOST = "$(BUILT_PRODUCTS_DIR)/Postcard.app/Postcard";
			};
			name = Release;
		};
/* End XCBuildConfiguration section */

/* Begin XCConfigurationList section */
		CDE450B71A2A373B00AA748D /* Build configuration list for PBXProject "Postcard" */ = {
			isa = XCConfigurationList;
			buildConfigurations = (
				CDE450D91A2A373C00AA748D /* Debug */,
				CDE450DA1A2A373C00AA748D /* Release */,
			);
			defaultConfigurationIsVisible = 0;
			defaultConfigurationName = Release;
		};
		CDE450DB1A2A373C00AA748D /* Build configuration list for PBXNativeTarget "Postcard" */ = {
			isa = XCConfigurationList;
			buildConfigurations = (
				CDE450DC1A2A373C00AA748D /* Debug */,
				CDE450DD1A2A373C00AA748D /* Release */,
			);
			defaultConfigurationIsVisible = 0;
		};
		CDE450DE1A2A373C00AA748D /* Build configuration list for PBXNativeTarget "PostcardTests" */ = {
			isa = XCConfigurationList;
			buildConfigurations = (
				CDE450DF1A2A373C00AA748D /* Debug */,
				CDE450E01A2A373C00AA748D /* Release */,
			);
			defaultConfigurationIsVisible = 0;
		};
/* End XCConfigurationList section */
	};
	rootObject = CDE450B41A2A373B00AA748D /* Project object */;
}
